
Microsoft Visual Studio Solution File, Format Version 12.00
# Visual Studio Version 17
VisualStudioVersion = 17.4.33213.308
MinimumVisualStudioVersion = 10.0.40219.1
Project("{FAE04EC0-301F-11D3-BF4B-00C04F79EFBC}") = "Reversenumber", "Reversenumber.csproj", "{29D7AE5A-9FD9-44E3-9BAD-0F1AD937516A}"
EndProject
Global
	GlobalSection(SolutionConfigurationPlatforms) = preSolution
		Debug|Any CPU = Debug|Any CPU
		Release|Any CPU = Release|Any CPU
	EndGlobalSection
	GlobalSection(ProjectConfigurationPlatforms) = postSolution
		{29D7AE5A-9FD9-44E3-9BAD-0F1AD937516A}.Debug|Any CPU.ActiveCfg = Debug|Any CPU
		{29D7AE5A-9FD9-44E3-9BAD-0F1AD937516A}.Debug|Any CPU.Build.0 = Debug|Any CPU
		{29D7AE5A-9FD9-44E3-9BAD-0F1AD937516A}.Release|Any CPU.ActiveCfg = Release|Any CPU
		{29D7AE5A-9FD9-44E3-9BAD-0F1AD937516A}.Release|Any CPU.Build.0 = Release|Any CPU
	EndGlobalSection
	GlobalSection(SolutionProperties) = preSolution
		HideSolutionNode = FALSE
	EndGlobalSection
	GlobalSection(ExtensibilityGlobals) = postSolution
		SolutionGuid = {CE284FA8-005E-480A-A1F8-DB596C302323}
	EndGlobalSection
EndGlobal
